# THIS IS AN AUTOGENERATED FILE. DO NOT EDIT THIS FILE DIRECTLY.
# yarn lockfile v1


flag-icons@^7.2.3:
  version "7.2.3"
  resolved "https://registry.yarnpkg.com/flag-icons/-/flag-icons-7.2.3.tgz#b67f379fa0ef28c4e605319a78035131bdd8ced7"
  integrity sha512-X2gUdteNuqdNqob2KKTJTS+ZCvyWeLCtDz9Ty8uJP17Y4o82Y+U/Vd4JNrdwTAjagYsRznOn9DZ+E/Q52qbmqg==
